// !$*UTF8*$!
{
	archiveVersion = 1;
	classes = {
	};
	objectVersion = 46;
	objects = {

/* Begin PBXBuildFile section */
		731D9C611CA072E3000D3798 /* main.m in Sources */ = {isa = PBXBuildFile; fileRef = 731D9C601CA072E3000D3798 /* main.m */; };
		731D9C641CA072E3000D3798 /* AppDelegate.m in Sources */ = {isa = PBXBuildFile; fileRef = 731D9C631CA072E3000D3798 /* AppDelegate.m */; };
		731D9C671CA072E3000D3798 /* ViewController.m in Sources */ = {isa = PBXBuildFile; fileRef = 731D9C661CA072E3000D3798 /* ViewController.m */; };
		731D9C6A1CA072E3000D3798 /* Main.storyboard in Resources */ = {isa = PBXBuildFile; fileRef = 731D9C681CA072E3000D3798 /* Main.storyboard */; };
		731D9C6C1CA072E3000D3798 /* Assets.xcassets in Resources */ = {isa = PBXBuildFile; fileRef = 731D9C6B1CA072E3000D3798 /* Assets.xcassets */; };
		731D9C6F1CA072E3000D3798 /* LaunchScreen.storyboard in Resources */ = {isa = PBXBuildFile; fileRef = 731D9C6D1CA072E3000D3798 /* LaunchScreen.storyboard */; };
		731D9C781CA07324000D3798 /* TDOperation.m in Sources */ = {isa = PBXBuildFile; fileRef = 731D9C771CA07324000D3798 /* TDOperation.m */; };
/* End PBXBuildFile section */

/* Begin PBXFileReference section */
		731D9C5C1CA072E3000D3798 /* 自定义NSOperation.app */ = {isa = PBXFileReference; explicitFileType = wrapper.application; includeInIndex = 0; path = "自定义NSOperation.app"; sourceTree = BUILT_PRODUCTS_DIR; };
		731D9C601CA072E3000D3798 /* main.m */ = {isa = PBXFileReference; lastKnownFileType = sourcecode.c.objc; path = main.m; sourceTree = "<group>"; };
		731D9C621CA072E3000D3798 /* AppDelegate.h */ = {isa = PBXFileReference; lastKnownFileType = sourcecode.c.h; path = AppDelegate.h; sourceTree = "<group>"; };
		731D9C631CA072E3000D3798 /* AppDelegate.m */ = {isa = PBXFileReference; lastKnownFileType = sourcecode.c.objc; path = AppDelegate.m; sourceTree = "<group>"; };
		731D9C651CA072E3000D3798 /* ViewController.h */ = {isa = PBXFileReference; lastKnownFileType = sourcecode.c.h; path = ViewController.h; sourceTree = "<group>"; };
		731D9C661CA072E3000D3798 /* ViewController.m */ = {isa = PBXFileReference; lastKnownFileType = sourcecode.c.objc; path = ViewController.m; sourceTree = "<group>"; };
		731D9C691CA072E3000D3798 /* Base */ = {isa = PBXFileReference; lastKnownFileType = file.storyboard; name = Base; path = Base.lproj/Main.storyboard; sourceTree = "<group>"; };
		731D9C6B1CA072E3000D3798 /* Assets.xcassets */ = {isa = PBXFileReference; lastKnownFileType = folder.assetcatalog; path = Assets.xcassets; sourceTree = "<group>"; };
		731D9C6E1CA072E3000D3798 /* Base */ = {isa = PBXFileReference; lastKnownFileType = file.storyboard; name = Base; path = Base.lproj/LaunchScreen.storyboard; sourceTree = "<group>"; };
		731D9C701CA072E3000D3798 /* Info.plist */ = {isa = PBXFileReference; lastKnownFileType = text.plist.xml; path = Info.plist; sourceTree = "<group>"; };
		731D9C761CA07324000D3798 /* TDOperation.h */ = {isa = PBXFileReference; fileEncoding = 4; lastKnownFileType = sourcecode.c.h; path = TDOperation.h; sourceTree = "<group>"; };
		731D9C771CA07324000D3798 /* TDOperation.m */ = {isa = PBXFileReference; fileEncoding = 4; lastKnownFileType = sourcecode.c.objc; path = TDOperation.m; sourceTree = "<group>"; };
/* End PBXFileReference section */

/* Begin PBXFrameworksBuildPhase section */
		731D9C591CA072E3000D3798 /* Frameworks */ = {
			isa = PBXFrameworksBuildPhase;
			buildActionMask = 2147483647;
			files = (
			);
			runOnlyForDeploymentPostprocessing = 0;
		};
/* End PBXFrameworksBuildPhase section */

/* Begin PBXGroup section */
		731D9C531CA072E3000D3798 = {
			isa = PBXGroup;
			children = (
				731D9C5E1CA072E3000D3798 /* 自定义NSOperation */,
				731D9C5D1CA072E3000D3798 /* Products */,
			);
			sourceTree = "<group>";
		};
		731D9C5D1CA072E3000D3798 /* Products */ = {
			isa = PBXGroup;
			children = (
				731D9C5C1CA072E3000D3798 /* 自定义NSOperation.app */,
			);
			name = Products;
			sourceTree = "<group>";
		};
		731D9C5E1CA072E3000D3798 /* 自定义NSOperation */ = {
			isa = PBXGroup;
			children = (
				731D9C621CA072E3000D3798 /* AppDelegate.h */,
				731D9C631CA072E3000D3798 /* AppDelegate.m */,
				731D9C651CA072E3000D3798 /* ViewController.h */,
				731D9C661CA072E3000D3798 /* ViewController.m */,
				731D9C761CA07324000D3798 /* TDOperation.h */,
				731D9C771CA07324000D3798 /* TDOperation.m */,
				731D9C681CA072E3000D3798 /* Main.storyboard */,
				731D9C6B1CA072E3000D3798 /* Assets.xcassets */,
				731D9C6D1CA072E3000D3798 /* LaunchScreen.storyboard */,
				731D9C701CA072E3000D3798 /* Info.plist */,
				731D9C5F1CA072E3000D3798 /* Supporting Files */,
			);
			path = "自定义NSOperation";
			sourceTree = "<group>";
		};
		731D9C5F1CA072E3000D3798 /* Supporting Files */ = {
			isa = PBXGroup;
			children = (
				731D9C601CA072E3000D3798 /* main.m */,
			);
			name = "Supporting Files";
			sourceTree = "<group>";
		};
/* End PBXGroup section */

/* Begin PBXNativeTarget section */
		731D9C5B1CA072E3000D3798 /* 自定义NSOperation */ = {
			isa = PBXNativeTarget;
			buildConfigurationList = 731D9C731CA072E3000D3798 /* Build configuration list for PBXNativeTarget "自定义NSOperation" */;
			buildPhases = (
				731D9C581CA072E3000D3798 /* Sources */,
				731D9C591CA072E3000D3798 /* Frameworks */,
				731D9C5A1CA072E3000D3798 /* Resources */,
			);
			buildRules = (
			);
			dependencies = (
			);
			name = "自定义NSOperation";
			productName = "自定义NSOperation";
			productReference = 731D9C5C1CA072E3000D3798 /* 自定义NSOperation.app */;
			productType = "com.apple.product-type.application";
		};
/* End PBXNativeTarget section */

/* Begin PBXProject section */
		731D9C541CA072E3000D3798 /* Project object */ = {
			isa = PBXProject;
			attributes = {
				LastUpgradeCheck = 0720;
				ORGANIZATIONNAME = Loto;
				TargetAttributes = {
					731D9C5B1CA072E3000D3798 = {
						CreatedOnToolsVersion = 7.2;
						DevelopmentTeam = WW7QRAPE95;
					};
				};
			};
			buildConfigurationList = 731D9C571CA072E3000D3798 /* Build configuration list for PBXProject "自定义NSOperation" */;
			compatibilityVersion = "Xcode 3.2";
			developmentRegion = English;
			hasScannedForEncodings = 0;
			knownRegions = (
				en,
				Base,
			);
			mainGroup = 731D9C531CA072E3000D3798;
			productRefGroup = 731D9C5D1CA072E3000D3798 /* Products */;
			projectDirPath = "";
			projectRoot = "";
			targets = (
				731D9C5B1CA072E3000D3798 /* 自定义NSOperation */,
			);
		};
/* End PBXProject section */

/* Begin PBXResourcesBuildPhase section */
		731D9C5A1CA072E3000D3798 /* Resources */ = {
			isa = PBXResourcesBuildPhase;
			buildActionMask = 2147483647;
			files = (
				731D9C6F1CA072E3000D3798 /* LaunchScreen.storyboard in Resources */,
				731D9C6C1CA072E3000D3798 /* Assets.xcassets in Resources */,
				731D9C6A1CA072E3000D3798 /* Main.storyboard in Resources */,
			);
			runOnlyForDeploymentPostprocessing = 0;
		};
/* End PBXResourcesBuildPhase section */

/* Begin PBXSourcesBuildPhase section */
		731D9C581CA072E3000D3798 /* Sources */ = {
			isa = PBXSourcesBuildPhase;
			buildActionMask = 2147483647;
			files = (
				731D9C671CA072E3000D3798 /* ViewController.m in Sources */,
				731D9C781CA07324000D3798 /* TDOperation.m in Sources */,
				731D9C641CA072E3000D3798 /* AppDelegate.m in Sources */,
				731D9C611CA072E3000D3798 /* main.m in Sources */,
			);
			runOnlyForDeploymentPostprocessing = 0;
		};
/* End PBXSourcesBuildPhase section */

/* Begin PBXVariantGroup section */
		731D9C681CA072E3000D3798 /* Main.storyboard */ = {
			isa = PBXVariantGroup;
			children = (
				731D9C691CA072E3000D3798 /* Base */,
			);
			name = Main.storyboard;
			sourceTree = "<group>";
		};
		731D9C6D1CA072E3000D3798 /* LaunchScreen.storyboard */ = {
			isa = PBXVariantGroup;
			children = (
				731D9C6E1CA072E3000D3798 /* Base */,
			);
			name = LaunchScreen.storyboard;
			sourceTree = "<group>";
		};
/* End PBXVariantGroup section */

/* Begin XCBuildConfiguration section */
		731D9C711CA072E3000D3798 /* Debug */ = {
			isa = XCBuildConfiguration;
			buildSettings = {
				ALWAYS_SEARCH_USER_PATHS = NO;
				CLANG_CXX_LANGUAGE_STANDARD = "gnu++0x";
				CLANG_CXX_LIBRARY = "libc++";
				CLANG_ENABLE_MODULES = YES;
				CLANG_ENABLE_OBJC_ARC = YES;
				CLANG_WARN_BOOL_CONVERSION = YES;
				CLANG_WARN_CONSTANT_CONVERSION = YES;
				CLANG_WARN_DIRECT_OBJC_ISA_USAGE = YES_ERROR;
				CLANG_WARN_EMPTY_BODY = YES;
				CLANG_WARN_ENUM_CONVERSION = YES;
				CLANG_WARN_INT_CONVERSION = YES;
				CLANG_WARN_OBJC_ROOT_CLASS = YES_ERROR;
				CLANG_WARN_UNREACHABLE_CODE = YES;
				CLANG_WARN__DUPLICATE_METHOD_MATCH = YES;
				"CODE_SIGN_IDENTITY[sdk=iphoneos*]" = "iPhone Developer";
				COPY_PHASE_STRIP = NO;
				DEBUG_INFORMATION_FORMAT = dwarf;
				ENABLE_STRICT_OBJC_MSGSEND = YES;
				ENABLE_TESTABILITY = YES;
				GCC_C_LANGUAGE_STANDARD = gnu99;
				GCC_DYNAMIC_NO_PIC = NO;
				GCC_NO_COMMON_BLOCKS = YES;
				GCC_OPTIMIZATION_LEVEL = 0;
				GCC_PREPROCESSOR_DEFINITIONS = (
					"DEBUG=1",
					"$(inherited)",
				);
				GCC_WARN_64_TO_32_BIT_CONVERSION = YES;
				GCC_WARN_ABOUT_RETURN_TYPE = YES_ERROR;
				GCC_WARN_UNDECLARED_SELECTOR = YES;
				GCC_WARN_UNINITIALIZED_AUTOS = YES_AGGRESSIVE;
				GCC_WARN_UNUSED_FUNCTION = YES;
				GCC_WARN_UNUSED_VARIABLE = YES;
				IPHONEOS_DEPLOYMENT_TARGET = 9.2;
				MTL_ENABLE_DEBUG_INFO = YES;
				ONLY_ACTIVE_ARCH = YES;
				SDKROOT = iphoneos;
			};
			name = Debug;
		};
		731D9C721CA072E3000D3798 /* Release */ = {
			isa = XCBuildConfiguration;
			buildSettings = {
				ALWAYS_SEARCH_USER_PATHS = NO;
				CLANG_CXX_LANGUAGE_STANDARD = "gnu++0x";
				CLANG_CXX_LIBRARY = "libc++";
				CLANG_ENABLE_MODULES = YES;
				CLANG_ENABLE_OBJC_ARC = YES;
				CLANG_WARN_BOOL_CONVERSION = YES;
				CLANG_WARN_CONSTANT_CONVERSION = YES;
				CLANG_WARN_DIRECT_OBJC_ISA_USAGE = YES_ERROR;
				CLANG_WARN_EMPTY_BODY = YES;
				CLANG_WARN_ENUM_CONVERSION = YES;
				CLANG_WARN_INT_CONVERSION = YES;
				CLANG_WARN_OBJC_ROOT_CLASS = YES_ERROR;
				CLANG_WARN_UNREACHABLE_CODE = YES;
				CLANG_WARN__DUPLICATE_METHOD_MATCH = YES;
				"CODE_SIGN_IDENTITY[sdk=iphoneos*]" = "iPhone Developer";
				COPY_PHASE_STRIP = NO;
				DEBUG_INFORMATION_FORMAT = "dwarf-with-dsym";
				ENABLE_NS_ASSERTIONS = NO;
				ENABLE_STRICT_OBJC_MSGSEND = YES;
				GCC_C_LANGUAGE_STANDARD = gnu99;
				GCC_NO_COMMON_BLOCKS = YES;
				GCC_WARN_64_TO_32_BIT_CONVERSION = YES;
				GCC_WARN_ABOUT_RETURN_TYPE = YES_ERROR;
				GCC_WARN_UNDECLARED_SELECTOR = YES;
				GCC_WARN_UNINITIALIZED_AUTOS = YES_AGGRESSIVE;
				GCC_WARN_UNUSED_FUNCTION = YES;
				GCC_WARN_UNUSED_VARIABLE = YES;
				IPHONEOS_DEPLOYMENT_TARGET = 9.2;
				MTL_ENABLE_DEBUG_INFO = NO;
				SDKROOT = iphoneos;
				VALIDATE_PRODUCT = YES;
			};
			name = Release;
		};
		731D9C741CA072E3000D3798 /* Debug */ = {
			isa = XCBuildConfiguration;
			buildSettings = {
				ASSETCATALOG_COMPILER_APPICON_NAME = AppIcon;
				INFOPLIST_FILE = "自定义NSOperation/Info.plist";
				LD_RUNPATH_SEARCH_PATHS = "$(inherited) @executable_path/Frameworks";
				PRODUCT_BUNDLE_IDENTIFIER = "TD.---NSOperation";
				PRODUCT_NAME = "$(TARGET_NAME)";
			};
			name = Debug;
		};
		731D9C751CA072E3000D3798 /* Release */ = {
			isa = XCBuildConfiguration;
			buildSettings = {
				ASSETCATALOG_COMPILER_APPICON_NAME = AppIcon;
				INFOPLIST_FILE = "自定义NSOperation/Info.plist";
				LD_RUNPATH_SEARCH_PATHS = "$(inherited) @executable_path/Frameworks";
				PRODUCT_BUNDLE_IDENTIFIER = "TD.---NSOperation";
				PRODUCT_NAME = "$(TARGET_NAME)";
			};
			name = Release;
		};
/* End XCBuildConfiguration section */

/* Begin XCConfigurationList section */
		731D9C571CA072E3000D3798 /* Build configuration list for PBXProject "自定义NSOperation" */ = {
			isa = XCConfigurationList;
			buildConfigurations = (
				731D9C711CA072E3000D3798 /* Debug */,
				731D9C721CA072E3000D3798 /* Release */,
			);
			defaultConfigurationIsVisible = 0;
			defaultConfigurationName = Release;
		};
		731D9C731CA072E3000D3798 /* Build configuration list for PBXNativeTarget "自定义NSOperation" */ = {
			isa = XCConfigurationList;
			buildConfigurations = (
				731D9C741CA072E3000D3798 /* Debug */,
				731D9C751CA072E3000D3798 /* Release */,
			);
			defaultConfigurationIsVisible = 0;
		};
/* End XCConfigurationList section */
	};
	rootObject = 731D9C541CA072E3000D3798 /* Project object */;
}
