// !$*UTF8*$!
{
	archiveVersion = 1;
	classes = {
	};
	objectVersion = 46;
	objects = {

/* Begin PBXBuildFile section */
		737EB5951CA1049E00D681D9 /* main.m in Sources */ = {isa = PBXBuildFile; fileRef = 737EB5941CA1049E00D681D9 /* main.m */; };
		737EB5981CA1049E00D681D9 /* AppDelegate.m in Sources */ = {isa = PBXBuildFile; fileRef = 737EB5971CA1049E00D681D9 /* AppDelegate.m */; };
		737EB59B1CA1049E00D681D9 /* ViewController.m in Sources */ = {isa = PBXBuildFile; fileRef = 737EB59A1CA1049E00D681D9 /* ViewController.m */; };
		737EB59E1CA1049E00D681D9 /* Main.storyboard in Resources */ = {isa = PBXBuildFile; fileRef = 737EB59C1CA1049E00D681D9 /* Main.storyboard */; };
		737EB5A01CA1049E00D681D9 /* Assets.xcassets in Resources */ = {isa = PBXBuildFile; fileRef = 737EB59F1CA1049E00D681D9 /* Assets.xcassets */; };
		737EB5A31CA1049E00D681D9 /* LaunchScreen.storyboard in Resources */ = {isa = PBXBuildFile; fileRef = 737EB5A11CA1049E00D681D9 /* LaunchScreen.storyboard */; };
/* End PBXBuildFile section */

/* Begin PBXFileReference section */
		737EB5901CA1049E00D681D9 /* 线程间通信（图片下载）.app */ = {isa = PBXFileReference; explicitFileType = wrapper.application; includeInIndex = 0; path = "线程间通信（图片下载）.app"; sourceTree = BUILT_PRODUCTS_DIR; };
		737EB5941CA1049E00D681D9 /* main.m */ = {isa = PBXFileReference; lastKnownFileType = sourcecode.c.objc; path = main.m; sourceTree = "<group>"; };
		737EB5961CA1049E00D681D9 /* AppDelegate.h */ = {isa = PBXFileReference; lastKnownFileType = sourcecode.c.h; path = AppDelegate.h; sourceTree = "<group>"; };
		737EB5971CA1049E00D681D9 /* AppDelegate.m */ = {isa = PBXFileReference; lastKnownFileType = sourcecode.c.objc; path = AppDelegate.m; sourceTree = "<group>"; };
		737EB5991CA1049E00D681D9 /* ViewController.h */ = {isa = PBXFileReference; lastKnownFileType = sourcecode.c.h; path = ViewController.h; sourceTree = "<group>"; };
		737EB59A1CA1049E00D681D9 /* ViewController.m */ = {isa = PBXFileReference; lastKnownFileType = sourcecode.c.objc; path = ViewController.m; sourceTree = "<group>"; };
		737EB59D1CA1049E00D681D9 /* Base */ = {isa = PBXFileReference; lastKnownFileType = file.storyboard; name = Base; path = Base.lproj/Main.storyboard; sourceTree = "<group>"; };
		737EB59F1CA1049E00D681D9 /* Assets.xcassets */ = {isa = PBXFileReference; lastKnownFileType = folder.assetcatalog; path = Assets.xcassets; sourceTree = "<group>"; };
		737EB5A21CA1049E00D681D9 /* Base */ = {isa = PBXFileReference; lastKnownFileType = file.storyboard; name = Base; path = Base.lproj/LaunchScreen.storyboard; sourceTree = "<group>"; };
		737EB5A41CA1049E00D681D9 /* Info.plist */ = {isa = PBXFileReference; lastKnownFileType = text.plist.xml; path = Info.plist; sourceTree = "<group>"; };
/* End PBXFileReference section */

/* Begin PBXFrameworksBuildPhase section */
		737EB58D1CA1049E00D681D9 /* Frameworks */ = {
			isa = PBXFrameworksBuildPhase;
			buildActionMask = 2147483647;
			files = (
			);
			runOnlyForDeploymentPostprocessing = 0;
		};
/* End PBXFrameworksBuildPhase section */

/* Begin PBXGroup section */
		737EB5871CA1049E00D681D9 = {
			isa = PBXGroup;
			children = (
				737EB5921CA1049E00D681D9 /* 线程间通信（图片下载） */,
				737EB5911CA1049E00D681D9 /* Products */,
			);
			sourceTree = "<group>";
		};
		737EB5911CA1049E00D681D9 /* Products */ = {
			isa = PBXGroup;
			children = (
				737EB5901CA1049E00D681D9 /* 线程间通信（图片下载）.app */,
			);
			name = Products;
			sourceTree = "<group>";
		};
		737EB5921CA1049E00D681D9 /* 线程间通信（图片下载） */ = {
			isa = PBXGroup;
			children = (
				737EB5961CA1049E00D681D9 /* AppDelegate.h */,
				737EB5971CA1049E00D681D9 /* AppDelegate.m */,
				737EB5991CA1049E00D681D9 /* ViewController.h */,
				737EB59A1CA1049E00D681D9 /* ViewController.m */,
				737EB59C1CA1049E00D681D9 /* Main.storyboard */,
				737EB59F1CA1049E00D681D9 /* Assets.xcassets */,
				737EB5A11CA1049E00D681D9 /* LaunchScreen.storyboard */,
				737EB5A41CA1049E00D681D9 /* Info.plist */,
				737EB5931CA1049E00D681D9 /* Supporting Files */,
			);
			path = "线程间通信（图片下载）";
			sourceTree = "<group>";
		};
		737EB5931CA1049E00D681D9 /* Supporting Files */ = {
			isa = PBXGroup;
			children = (
				737EB5941CA1049E00D681D9 /* main.m */,
			);
			name = "Supporting Files";
			sourceTree = "<group>";
		};
/* End PBXGroup section */

/* Begin PBXNativeTarget section */
		737EB58F1CA1049E00D681D9 /* 线程间通信（图片下载） */ = {
			isa = PBXNativeTarget;
			buildConfigurationList = 737EB5A71CA1049E00D681D9 /* Build configuration list for PBXNativeTarget "线程间通信（图片下载）" */;
			buildPhases = (
				737EB58C1CA1049E00D681D9 /* Sources */,
				737EB58D1CA1049E00D681D9 /* Frameworks */,
				737EB58E1CA1049E00D681D9 /* Resources */,
			);
			buildRules = (
			);
			dependencies = (
			);
			name = "线程间通信（图片下载）";
			productName = "线程间通信（图片下载）";
			productReference = 737EB5901CA1049E00D681D9 /* 线程间通信（图片下载）.app */;
			productType = "com.apple.product-type.application";
		};
/* End PBXNativeTarget section */

/* Begin PBXProject section */
		737EB5881CA1049E00D681D9 /* Project object */ = {
			isa = PBXProject;
			attributes = {
				LastUpgradeCheck = 0730;
				ORGANIZATIONNAME = Loto;
				TargetAttributes = {
					737EB58F1CA1049E00D681D9 = {
						CreatedOnToolsVersion = 7.3;
						DevelopmentTeam = WW7QRAPE95;
					};
				};
			};
			buildConfigurationList = 737EB58B1CA1049E00D681D9 /* Build configuration list for PBXProject "线程间通信（图片下载）" */;
			compatibilityVersion = "Xcode 3.2";
			developmentRegion = English;
			hasScannedForEncodings = 0;
			knownRegions = (
				en,
				Base,
			);
			mainGroup = 737EB5871CA1049E00D681D9;
			productRefGroup = 737EB5911CA1049E00D681D9 /* Products */;
			projectDirPath = "";
			projectRoot = "";
			targets = (
				737EB58F1CA1049E00D681D9 /* 线程间通信（图片下载） */,
			);
		};
/* End PBXProject section */

/* Begin PBXResourcesBuildPhase section */
		737EB58E1CA1049E00D681D9 /* Resources */ = {
			isa = PBXResourcesBuildPhase;
			buildActionMask = 2147483647;
			files = (
				737EB5A31CA1049E00D681D9 /* LaunchScreen.storyboard in Resources */,
				737EB5A01CA1049E00D681D9 /* Assets.xcassets in Resources */,
				737EB59E1CA1049E00D681D9 /* Main.storyboard in Resources */,
			);
			runOnlyForDeploymentPostprocessing = 0;
		};
/* End PBXResourcesBuildPhase section */

/* Begin PBXSourcesBuildPhase section */
		737EB58C1CA1049E00D681D9 /* Sources */ = {
			isa = PBXSourcesBuildPhase;
			buildActionMask = 2147483647;
			files = (
				737EB59B1CA1049E00D681D9 /* ViewController.m in Sources */,
				737EB5981CA1049E00D681D9 /* AppDelegate.m in Sources */,
				737EB5951CA1049E00D681D9 /* main.m in Sources */,
			);
			runOnlyForDeploymentPostprocessing = 0;
		};
/* End PBXSourcesBuildPhase section */

/* Begin PBXVariantGroup section */
		737EB59C1CA1049E00D681D9 /* Main.storyboard */ = {
			isa = PBXVariantGroup;
			children = (
				737EB59D1CA1049E00D681D9 /* Base */,
			);
			name = Main.storyboard;
			sourceTree = "<group>";
		};
		737EB5A11CA1049E00D681D9 /* LaunchScreen.storyboard */ = {
			isa = PBXVariantGroup;
			children = (
				737EB5A21CA1049E00D681D9 /* Base */,
			);
			name = LaunchScreen.storyboard;
			sourceTree = "<group>";
		};
/* End PBXVariantGroup section */

/* Begin XCBuildConfiguration section */
		737EB5A51CA1049E00D681D9 /* Debug */ = {
			isa = XCBuildConfiguration;
			buildSettings = {
				ALWAYS_SEARCH_USER_PATHS = NO;
				CLANG_ANALYZER_NONNULL = YES;
				CLANG_CXX_LANGUAGE_STANDARD = "gnu++0x";
				CLANG_CXX_LIBRARY = "libc++";
				CLANG_ENABLE_MODULES = YES;
				CLANG_ENABLE_OBJC_ARC = YES;
				CLANG_WARN_BOOL_CONVERSION = YES;
				CLANG_WARN_CONSTANT_CONVERSION = YES;
				CLANG_WARN_DIRECT_OBJC_ISA_USAGE = YES_ERROR;
				CLANG_WARN_EMPTY_BODY = YES;
				CLANG_WARN_ENUM_CONVERSION = YES;
				CLANG_WARN_INT_CONVERSION = YES;
				CLANG_WARN_OBJC_ROOT_CLASS = YES_ERROR;
				CLANG_WARN_UNREACHABLE_CODE = YES;
				CLANG_WARN__DUPLICATE_METHOD_MATCH = YES;
				"CODE_SIGN_IDENTITY[sdk=iphoneos*]" = "iPhone Developer";
				COPY_PHASE_STRIP = NO;
				DEBUG_INFORMATION_FORMAT = dwarf;
				ENABLE_STRICT_OBJC_MSGSEND = YES;
				ENABLE_TESTABILITY = YES;
				GCC_C_LANGUAGE_STANDARD = gnu99;
				GCC_DYNAMIC_NO_PIC = NO;
				GCC_NO_COMMON_BLOCKS = YES;
				GCC_OPTIMIZATION_LEVEL = 0;
				GCC_PREPROCESSOR_DEFINITIONS = (
					"DEBUG=1",
					"$(inherited)",
				);
				GCC_WARN_64_TO_32_BIT_CONVERSION = YES;
				GCC_WARN_ABOUT_RETURN_TYPE = YES_ERROR;
				GCC_WARN_UNDECLARED_SELECTOR = YES;
				GCC_WARN_UNINITIALIZED_AUTOS = YES_AGGRESSIVE;
				GCC_WARN_UNUSED_FUNCTION = YES;
				GCC_WARN_UNUSED_VARIABLE = YES;
				IPHONEOS_DEPLOYMENT_TARGET = 9.3;
				MTL_ENABLE_DEBUG_INFO = YES;
				ONLY_ACTIVE_ARCH = YES;
				SDKROOT = iphoneos;
			};
			name = Debug;
		};
		737EB5A61CA1049E00D681D9 /* Release */ = {
			isa = XCBuildConfiguration;
			buildSettings = {
				ALWAYS_SEARCH_USER_PATHS = NO;
				CLANG_ANALYZER_NONNULL = YES;
				CLANG_CXX_LANGUAGE_STANDARD = "gnu++0x";
				CLANG_CXX_LIBRARY = "libc++";
				CLANG_ENABLE_MODULES = YES;
				CLANG_ENABLE_OBJC_ARC = YES;
				CLANG_WARN_BOOL_CONVERSION = YES;
				CLANG_WARN_CONSTANT_CONVERSION = YES;
				CLANG_WARN_DIRECT_OBJC_ISA_USAGE = YES_ERROR;
				CLANG_WARN_EMPTY_BODY = YES;
				CLANG_WARN_ENUM_CONVERSION = YES;
				CLANG_WARN_INT_CONVERSION = YES;
				CLANG_WARN_OBJC_ROOT_CLASS = YES_ERROR;
				CLANG_WARN_UNREACHABLE_CODE = YES;
				CLANG_WARN__DUPLICATE_METHOD_MATCH = YES;
				"CODE_SIGN_IDENTITY[sdk=iphoneos*]" = "iPhone Developer";
				COPY_PHASE_STRIP = NO;
				DEBUG_INFORMATION_FORMAT = "dwarf-with-dsym";
				ENABLE_NS_ASSERTIONS = NO;
				ENABLE_STRICT_OBJC_MSGSEND = YES;
				GCC_C_LANGUAGE_STANDARD = gnu99;
				GCC_NO_COMMON_BLOCKS = YES;
				GCC_WARN_64_TO_32_BIT_CONVERSION = YES;
				GCC_WARN_ABOUT_RETURN_TYPE = YES_ERROR;
				GCC_WARN_UNDECLARED_SELECTOR = YES;
				GCC_WARN_UNINITIALIZED_AUTOS = YES_AGGRESSIVE;
				GCC_WARN_UNUSED_FUNCTION = YES;
				GCC_WARN_UNUSED_VARIABLE = YES;
				IPHONEOS_DEPLOYMENT_TARGET = 9.3;
				MTL_ENABLE_DEBUG_INFO = NO;
				SDKROOT = iphoneos;
				VALIDATE_PRODUCT = YES;
			};
			name = Release;
		};
		737EB5A81CA1049E00D681D9 /* Debug */ = {
			isa = XCBuildConfiguration;
			buildSettings = {
				ASSETCATALOG_COMPILER_APPICON_NAME = AppIcon;
				INFOPLIST_FILE = "线程间通信（图片下载）/Info.plist";
				LD_RUNPATH_SEARCH_PATHS = "$(inherited) @executable_path/Frameworks";
				PRODUCT_BUNDLE_IDENTIFIER = "TD.-----------";
				PRODUCT_NAME = "$(TARGET_NAME)";
			};
			name = Debug;
		};
		737EB5A91CA1049E00D681D9 /* Release */ = {
			isa = XCBuildConfiguration;
			buildSettings = {
				ASSETCATALOG_COMPILER_APPICON_NAME = AppIcon;
				INFOPLIST_FILE = "线程间通信（图片下载）/Info.plist";
				LD_RUNPATH_SEARCH_PATHS = "$(inherited) @executable_path/Frameworks";
				PRODUCT_BUNDLE_IDENTIFIER = "TD.-----------";
				PRODUCT_NAME = "$(TARGET_NAME)";
			};
			name = Release;
		};
/* End XCBuildConfiguration section */

/* Begin XCConfigurationList section */
		737EB58B1CA1049E00D681D9 /* Build configuration list for PBXProject "线程间通信（图片下载）" */ = {
			isa = XCConfigurationList;
			buildConfigurations = (
				737EB5A51CA1049E00D681D9 /* Debug */,
				737EB5A61CA1049E00D681D9 /* Release */,
			);
			defaultConfigurationIsVisible = 0;
			defaultConfigurationName = Release;
		};
		737EB5A71CA1049E00D681D9 /* Build configuration list for PBXNativeTarget "线程间通信（图片下载）" */ = {
			isa = XCConfigurationList;
			buildConfigurations = (
				737EB5A81CA1049E00D681D9 /* Debug */,
				737EB5A91CA1049E00D681D9 /* Release */,
			);
			defaultConfigurationIsVisible = 0;
		};
/* End XCConfigurationList section */
	};
	rootObject = 737EB5881CA1049E00D681D9 /* Project object */;
}
