// !$*UTF8*$!
{
	archiveVersion = 1;
	classes = {
	};
	objectVersion = 46;
	objects = {

/* Begin PBXBuildFile section */
		7323C75A1CA3068B007325FD /* main.m in Sources */ = {isa = PBXBuildFile; fileRef = 7323C7591CA3068B007325FD /* main.m */; };
		7323C75D1CA3068B007325FD /* AppDelegate.m in Sources */ = {isa = PBXBuildFile; fileRef = 7323C75C1CA3068B007325FD /* AppDelegate.m */; };
		7323C7601CA3068B007325FD /* ViewController.m in Sources */ = {isa = PBXBuildFile; fileRef = 7323C75F1CA3068B007325FD /* ViewController.m */; };
		7323C7631CA3068B007325FD /* Main.storyboard in Resources */ = {isa = PBXBuildFile; fileRef = 7323C7611CA3068B007325FD /* Main.storyboard */; };
		7323C7651CA3068B007325FD /* Assets.xcassets in Resources */ = {isa = PBXBuildFile; fileRef = 7323C7641CA3068B007325FD /* Assets.xcassets */; };
		7323C7681CA3068B007325FD /* LaunchScreen.storyboard in Resources */ = {isa = PBXBuildFile; fileRef = 7323C7661CA3068B007325FD /* LaunchScreen.storyboard */; };
/* End PBXBuildFile section */

/* Begin PBXFileReference section */
		7323C7551CA3068B007325FD /* GCD 定时器.app */ = {isa = PBXFileReference; explicitFileType = wrapper.application; includeInIndex = 0; path = "GCD 定时器.app"; sourceTree = BUILT_PRODUCTS_DIR; };
		7323C7591CA3068B007325FD /* main.m */ = {isa = PBXFileReference; lastKnownFileType = sourcecode.c.objc; path = main.m; sourceTree = "<group>"; };
		7323C75B1CA3068B007325FD /* AppDelegate.h */ = {isa = PBXFileReference; lastKnownFileType = sourcecode.c.h; path = AppDelegate.h; sourceTree = "<group>"; };
		7323C75C1CA3068B007325FD /* AppDelegate.m */ = {isa = PBXFileReference; lastKnownFileType = sourcecode.c.objc; path = AppDelegate.m; sourceTree = "<group>"; };
		7323C75E1CA3068B007325FD /* ViewController.h */ = {isa = PBXFileReference; lastKnownFileType = sourcecode.c.h; path = ViewController.h; sourceTree = "<group>"; };
		7323C75F1CA3068B007325FD /* ViewController.m */ = {isa = PBXFileReference; lastKnownFileType = sourcecode.c.objc; path = ViewController.m; sourceTree = "<group>"; };
		7323C7621CA3068B007325FD /* Base */ = {isa = PBXFileReference; lastKnownFileType = file.storyboard; name = Base; path = Base.lproj/Main.storyboard; sourceTree = "<group>"; };
		7323C7641CA3068B007325FD /* Assets.xcassets */ = {isa = PBXFileReference; lastKnownFileType = folder.assetcatalog; path = Assets.xcassets; sourceTree = "<group>"; };
		7323C7671CA3068B007325FD /* Base */ = {isa = PBXFileReference; lastKnownFileType = file.storyboard; name = Base; path = Base.lproj/LaunchScreen.storyboard; sourceTree = "<group>"; };
		7323C7691CA3068B007325FD /* Info.plist */ = {isa = PBXFileReference; lastKnownFileType = text.plist.xml; path = Info.plist; sourceTree = "<group>"; };
/* End PBXFileReference section */

/* Begin PBXFrameworksBuildPhase section */
		7323C7521CA3068B007325FD /* Frameworks */ = {
			isa = PBXFrameworksBuildPhase;
			buildActionMask = 2147483647;
			files = (
			);
			runOnlyForDeploymentPostprocessing = 0;
		};
/* End PBXFrameworksBuildPhase section */

/* Begin PBXGroup section */
		7323C74C1CA3068B007325FD = {
			isa = PBXGroup;
			children = (
				7323C7571CA3068B007325FD /* GCD 定时器 */,
				7323C7561CA3068B007325FD /* Products */,
			);
			sourceTree = "<group>";
		};
		7323C7561CA3068B007325FD /* Products */ = {
			isa = PBXGroup;
			children = (
				7323C7551CA3068B007325FD /* GCD 定时器.app */,
			);
			name = Products;
			sourceTree = "<group>";
		};
		7323C7571CA3068B007325FD /* GCD 定时器 */ = {
			isa = PBXGroup;
			children = (
				7323C75B1CA3068B007325FD /* AppDelegate.h */,
				7323C75C1CA3068B007325FD /* AppDelegate.m */,
				7323C75E1CA3068B007325FD /* ViewController.h */,
				7323C75F1CA3068B007325FD /* ViewController.m */,
				7323C7611CA3068B007325FD /* Main.storyboard */,
				7323C7641CA3068B007325FD /* Assets.xcassets */,
				7323C7661CA3068B007325FD /* LaunchScreen.storyboard */,
				7323C7691CA3068B007325FD /* Info.plist */,
				7323C7581CA3068B007325FD /* Supporting Files */,
			);
			path = "GCD 定时器";
			sourceTree = "<group>";
		};
		7323C7581CA3068B007325FD /* Supporting Files */ = {
			isa = PBXGroup;
			children = (
				7323C7591CA3068B007325FD /* main.m */,
			);
			name = "Supporting Files";
			sourceTree = "<group>";
		};
/* End PBXGroup section */

/* Begin PBXNativeTarget section */
		7323C7541CA3068B007325FD /* GCD 定时器 */ = {
			isa = PBXNativeTarget;
			buildConfigurationList = 7323C76C1CA3068B007325FD /* Build configuration list for PBXNativeTarget "GCD 定时器" */;
			buildPhases = (
				7323C7511CA3068B007325FD /* Sources */,
				7323C7521CA3068B007325FD /* Frameworks */,
				7323C7531CA3068B007325FD /* Resources */,
			);
			buildRules = (
			);
			dependencies = (
			);
			name = "GCD 定时器";
			productName = "GCD 定时器";
			productReference = 7323C7551CA3068B007325FD /* GCD 定时器.app */;
			productType = "com.apple.product-type.application";
		};
/* End PBXNativeTarget section */

/* Begin PBXProject section */
		7323C74D1CA3068B007325FD /* Project object */ = {
			isa = PBXProject;
			attributes = {
				LastUpgradeCheck = 0730;
				ORGANIZATIONNAME = Loto;
				TargetAttributes = {
					7323C7541CA3068B007325FD = {
						CreatedOnToolsVersion = 7.3;
						DevelopmentTeam = WW7QRAPE95;
					};
				};
			};
			buildConfigurationList = 7323C7501CA3068B007325FD /* Build configuration list for PBXProject "GCD 定时器" */;
			compatibilityVersion = "Xcode 3.2";
			developmentRegion = English;
			hasScannedForEncodings = 0;
			knownRegions = (
				en,
				Base,
			);
			mainGroup = 7323C74C1CA3068B007325FD;
			productRefGroup = 7323C7561CA3068B007325FD /* Products */;
			projectDirPath = "";
			projectRoot = "";
			targets = (
				7323C7541CA3068B007325FD /* GCD 定时器 */,
			);
		};
/* End PBXProject section */

/* Begin PBXResourcesBuildPhase section */
		7323C7531CA3068B007325FD /* Resources */ = {
			isa = PBXResourcesBuildPhase;
			buildActionMask = 2147483647;
			files = (
				7323C7681CA3068B007325FD /* LaunchScreen.storyboard in Resources */,
				7323C7651CA3068B007325FD /* Assets.xcassets in Resources */,
				7323C7631CA3068B007325FD /* Main.storyboard in Resources */,
			);
			runOnlyForDeploymentPostprocessing = 0;
		};
/* End PBXResourcesBuildPhase section */

/* Begin PBXSourcesBuildPhase section */
		7323C7511CA3068B007325FD /* Sources */ = {
			isa = PBXSourcesBuildPhase;
			buildActionMask = 2147483647;
			files = (
				7323C7601CA3068B007325FD /* ViewController.m in Sources */,
				7323C75D1CA3068B007325FD /* AppDelegate.m in Sources */,
				7323C75A1CA3068B007325FD /* main.m in Sources */,
			);
			runOnlyForDeploymentPostprocessing = 0;
		};
/* End PBXSourcesBuildPhase section */

/* Begin PBXVariantGroup section */
		7323C7611CA3068B007325FD /* Main.storyboard */ = {
			isa = PBXVariantGroup;
			children = (
				7323C7621CA3068B007325FD /* Base */,
			);
			name = Main.storyboard;
			sourceTree = "<group>";
		};
		7323C7661CA3068B007325FD /* LaunchScreen.storyboard */ = {
			isa = PBXVariantGroup;
			children = (
				7323C7671CA3068B007325FD /* Base */,
			);
			name = LaunchScreen.storyboard;
			sourceTree = "<group>";
		};
/* End PBXVariantGroup section */

/* Begin XCBuildConfiguration section */
		7323C76A1CA3068B007325FD /* Debug */ = {
			isa = XCBuildConfiguration;
			buildSettings = {
				ALWAYS_SEARCH_USER_PATHS = NO;
				CLANG_ANALYZER_NONNULL = YES;
				CLANG_CXX_LANGUAGE_STANDARD = "gnu++0x";
				CLANG_CXX_LIBRARY = "libc++";
				CLANG_ENABLE_MODULES = YES;
				CLANG_ENABLE_OBJC_ARC = YES;
				CLANG_WARN_BOOL_CONVERSION = YES;
				CLANG_WARN_CONSTANT_CONVERSION = YES;
				CLANG_WARN_DIRECT_OBJC_ISA_USAGE = YES_ERROR;
				CLANG_WARN_EMPTY_BODY = YES;
				CLANG_WARN_ENUM_CONVERSION = YES;
				CLANG_WARN_INT_CONVERSION = YES;
				CLANG_WARN_OBJC_ROOT_CLASS = YES_ERROR;
				CLANG_WARN_UNREACHABLE_CODE = YES;
				CLANG_WARN__DUPLICATE_METHOD_MATCH = YES;
				"CODE_SIGN_IDENTITY[sdk=iphoneos*]" = "iPhone Developer";
				COPY_PHASE_STRIP = NO;
				DEBUG_INFORMATION_FORMAT = dwarf;
				ENABLE_STRICT_OBJC_MSGSEND = YES;
				ENABLE_TESTABILITY = YES;
				GCC_C_LANGUAGE_STANDARD = gnu99;
				GCC_DYNAMIC_NO_PIC = NO;
				GCC_NO_COMMON_BLOCKS = YES;
				GCC_OPTIMIZATION_LEVEL = 0;
				GCC_PREPROCESSOR_DEFINITIONS = (
					"DEBUG=1",
					"$(inherited)",
				);
				GCC_WARN_64_TO_32_BIT_CONVERSION = YES;
				GCC_WARN_ABOUT_RETURN_TYPE = YES_ERROR;
				GCC_WARN_UNDECLARED_SELECTOR = YES;
				GCC_WARN_UNINITIALIZED_AUTOS = YES_AGGRESSIVE;
				GCC_WARN_UNUSED_FUNCTION = YES;
				GCC_WARN_UNUSED_VARIABLE = YES;
				IPHONEOS_DEPLOYMENT_TARGET = 9.3;
				MTL_ENABLE_DEBUG_INFO = YES;
				ONLY_ACTIVE_ARCH = YES;
				SDKROOT = iphoneos;
			};
			name = Debug;
		};
		7323C76B1CA3068B007325FD /* Release */ = {
			isa = XCBuildConfiguration;
			buildSettings = {
				ALWAYS_SEARCH_USER_PATHS = NO;
				CLANG_ANALYZER_NONNULL = YES;
				CLANG_CXX_LANGUAGE_STANDARD = "gnu++0x";
				CLANG_CXX_LIBRARY = "libc++";
				CLANG_ENABLE_MODULES = YES;
				CLANG_ENABLE_OBJC_ARC = YES;
				CLANG_WARN_BOOL_CONVERSION = YES;
				CLANG_WARN_CONSTANT_CONVERSION = YES;
				CLANG_WARN_DIRECT_OBJC_ISA_USAGE = YES_ERROR;
				CLANG_WARN_EMPTY_BODY = YES;
				CLANG_WARN_ENUM_CONVERSION = YES;
				CLANG_WARN_INT_CONVERSION = YES;
				CLANG_WARN_OBJC_ROOT_CLASS = YES_ERROR;
				CLANG_WARN_UNREACHABLE_CODE = YES;
				CLANG_WARN__DUPLICATE_METHOD_MATCH = YES;
				"CODE_SIGN_IDENTITY[sdk=iphoneos*]" = "iPhone Developer";
				COPY_PHASE_STRIP = NO;
				DEBUG_INFORMATION_FORMAT = "dwarf-with-dsym";
				ENABLE_NS_ASSERTIONS = NO;
				ENABLE_STRICT_OBJC_MSGSEND = YES;
				GCC_C_LANGUAGE_STANDARD = gnu99;
				GCC_NO_COMMON_BLOCKS = YES;
				GCC_WARN_64_TO_32_BIT_CONVERSION = YES;
				GCC_WARN_ABOUT_RETURN_TYPE = YES_ERROR;
				GCC_WARN_UNDECLARED_SELECTOR = YES;
				GCC_WARN_UNINITIALIZED_AUTOS = YES_AGGRESSIVE;
				GCC_WARN_UNUSED_FUNCTION = YES;
				GCC_WARN_UNUSED_VARIABLE = YES;
				IPHONEOS_DEPLOYMENT_TARGET = 9.3;
				MTL_ENABLE_DEBUG_INFO = NO;
				SDKROOT = iphoneos;
				VALIDATE_PRODUCT = YES;
			};
			name = Release;
		};
		7323C76D1CA3068B007325FD /* Debug */ = {
			isa = XCBuildConfiguration;
			buildSettings = {
				ASSETCATALOG_COMPILER_APPICON_NAME = AppIcon;
				INFOPLIST_FILE = "GCD 定时器/Info.plist";
				LD_RUNPATH_SEARCH_PATHS = "$(inherited) @executable_path/Frameworks";
				PRODUCT_BUNDLE_IDENTIFIER = "TD.GCD----";
				PRODUCT_NAME = "$(TARGET_NAME)";
			};
			name = Debug;
		};
		7323C76E1CA3068B007325FD /* Release */ = {
			isa = XCBuildConfiguration;
			buildSettings = {
				ASSETCATALOG_COMPILER_APPICON_NAME = AppIcon;
				INFOPLIST_FILE = "GCD 定时器/Info.plist";
				LD_RUNPATH_SEARCH_PATHS = "$(inherited) @executable_path/Frameworks";
				PRODUCT_BUNDLE_IDENTIFIER = "TD.GCD----";
				PRODUCT_NAME = "$(TARGET_NAME)";
			};
			name = Release;
		};
/* End XCBuildConfiguration section */

/* Begin XCConfigurationList section */
		7323C7501CA3068B007325FD /* Build configuration list for PBXProject "GCD 定时器" */ = {
			isa = XCConfigurationList;
			buildConfigurations = (
				7323C76A1CA3068B007325FD /* Debug */,
				7323C76B1CA3068B007325FD /* Release */,
			);
			defaultConfigurationIsVisible = 0;
			defaultConfigurationName = Release;
		};
		7323C76C1CA3068B007325FD /* Build configuration list for PBXNativeTarget "GCD 定时器" */ = {
			isa = XCConfigurationList;
			buildConfigurations = (
				7323C76D1CA3068B007325FD /* Debug */,
				7323C76E1CA3068B007325FD /* Release */,
			);
			defaultConfigurationIsVisible = 0;
		};
/* End XCConfigurationList section */
	};
	rootObject = 7323C74D1CA3068B007325FD /* Project object */;
}
